
Microsoft Visual Studio Solution File, Format Version 12.00
# Visual Studio 2012
Project("{FAE04EC0-301F-11D3-BF4B-00C04F79EFBC}") = "UdemyXamarinExercises", "UdemyXamarinExercises.csproj", "{C8982238-231A-4620-9009-7F24764E03A2}"
EndProject
Project("{FAE04EC0-301F-11D3-BF4B-00C04F79EFBC}") = "UdemyXamarinExercises.iOS", "iOS\UdemyXamarinExercises.iOS.csproj", "{7BE6CC25-36A3-4DCE-BE2C-ECBEBCA4855C}"
EndProject
Global
	GlobalSection(SolutionConfigurationPlatforms) = preSolution
		Debug|Any CPU = Debug|Any CPU
		Release|Any CPU = Release|Any CPU
		Debug|iPhoneSimulator = Debug|iPhoneSimulator
		Release|iPhone = Release|iPhone
		Release|iPhoneSimulator = Release|iPhoneSimulator
		Debug|iPhone = Debug|iPhone
	EndGlobalSection
	GlobalSection(ProjectConfigurationPlatforms) = postSolution
		{C8982238-231A-4620-9009-7F24764E03A2}.Debug|Any CPU.ActiveCfg = Debug|Any CPU
		{C8982238-231A-4620-9009-7F24764E03A2}.Debug|Any CPU.Build.0 = Debug|Any CPU
		{C8982238-231A-4620-9009-7F24764E03A2}.Release|Any CPU.ActiveCfg = Release|Any CPU
		{C8982238-231A-4620-9009-7F24764E03A2}.Release|Any CPU.Build.0 = Release|Any CPU
		{C8982238-231A-4620-9009-7F24764E03A2}.Debug|iPhoneSimulator.ActiveCfg = Debug|Any CPU
		{C8982238-231A-4620-9009-7F24764E03A2}.Debug|iPhoneSimulator.Build.0 = Debug|Any CPU
		{C8982238-231A-4620-9009-7F24764E03A2}.Release|iPhone.ActiveCfg = Release|Any CPU
		{C8982238-231A-4620-9009-7F24764E03A2}.Release|iPhone.Build.0 = Release|Any CPU
		{C8982238-231A-4620-9009-7F24764E03A2}.Release|iPhoneSimulator.ActiveCfg = Release|Any CPU
		{C8982238-231A-4620-9009-7F24764E03A2}.Release|iPhoneSimulator.Build.0 = Release|Any CPU
		{C8982238-231A-4620-9009-7F24764E03A2}.Debug|iPhone.ActiveCfg = Debug|Any CPU
		{C8982238-231A-4620-9009-7F24764E03A2}.Debug|iPhone.Build.0 = Debug|Any CPU
		{7BE6CC25-36A3-4DCE-BE2C-ECBEBCA4855C}.Debug|Any CPU.ActiveCfg = Debug|iPhoneSimulator
		{7BE6CC25-36A3-4DCE-BE2C-ECBEBCA4855C}.Debug|Any CPU.Build.0 = Debug|iPhoneSimulator
		{7BE6CC25-36A3-4DCE-BE2C-ECBEBCA4855C}.Release|Any CPU.ActiveCfg = Release|iPhone
		{7BE6CC25-36A3-4DCE-BE2C-ECBEBCA4855C}.Release|Any CPU.Build.0 = Release|iPhone
		{7BE6CC25-36A3-4DCE-BE2C-ECBEBCA4855C}.Debug|iPhoneSimulator.ActiveCfg = Debug|iPhoneSimulator
		{7BE6CC25-36A3-4DCE-BE2C-ECBEBCA4855C}.Debug|iPhoneSimulator.Build.0 = Debug|iPhoneSimulator
		{7BE6CC25-36A3-4DCE-BE2C-ECBEBCA4855C}.Release|iPhone.ActiveCfg = Release|iPhone
		{7BE6CC25-36A3-4DCE-BE2C-ECBEBCA4855C}.Release|iPhone.Build.0 = Release|iPhone
		{7BE6CC25-36A3-4DCE-BE2C-ECBEBCA4855C}.Release|iPhoneSimulator.ActiveCfg = Release|iPhoneSimulator
		{7BE6CC25-36A3-4DCE-BE2C-ECBEBCA4855C}.Release|iPhoneSimulator.Build.0 = Release|iPhoneSimulator
		{7BE6CC25-36A3-4DCE-BE2C-ECBEBCA4855C}.Debug|iPhone.ActiveCfg = Debug|iPhone
		{7BE6CC25-36A3-4DCE-BE2C-ECBEBCA4855C}.Debug|iPhone.Build.0 = Debug|iPhone
	EndGlobalSection
EndGlobal
